
Microsoft Visual Studio Solution File, Format Version 12.00
# Visual Studio Version 17
VisualStudioVersion = 17.5.33516.290
MinimumVisualStudioVersion = 10.0.40219.1
Project("{8BC9CEB8-8B4A-11D0-8D11-00A0C91BC942}") = "Sanbox", "..\Sanbox\Sanbox.vcxproj", "{F88E5D68-C75B-455B-AC89-787F678C4FC9}"
EndProject
Project("{8BC9CEB8-8B4A-11D0-8D11-00A0C91BC942}") = "XHazels", "XHazels.vcxproj", "{5783B445-870B-4A06-8A10-E933BBB00F0B}"
EndProject
Global
	GlobalSection(SolutionConfigurationPlatforms) = preSolution
		Debug|x64 = Debug|x64
		Release|x64 = Release|x64
	EndGlobalSection
	GlobalSection(ProjectConfigurationPlatforms) = postSolution
		{5783B445-870B-4A06-8A10-E933BBB00F0B}.Debug|x64.ActiveCfg = Debug|x64
		{5783B445-870B-4A06-8A10-E933BBB00F0B}.Debug|x64.Build.0 = Debug|x64
		{5783B445-870B-4A06-8A10-E933BBB00F0B}.Release|x64.ActiveCfg = Release|x64
		{5783B445-870B-4A06-8A10-E933BBB00F0B}.Release|x64.Build.0 = Release|x64
		{F88E5D68-C75B-455B-AC89-787F678C4FC9}.Debug|x64.ActiveCfg = Debug|x64
		{F88E5D68-C75B-455B-AC89-787F678C4FC9}.Debug|x64.Build.0 = Debug|x64
		{F88E5D68-C75B-455B-AC89-787F678C4FC9}.Release|x64.ActiveCfg = Release|x64
		{F88E5D68-C75B-455B-AC89-787F678C4FC9}.Release|x64.Build.0 = Release|x64
	EndGlobalSection
	GlobalSection(SolutionProperties) = preSolution
		HideSolutionNode = FALSE
	EndGlobalSection
	GlobalSection(ExtensibilityGlobals) = postSolution
		SolutionGuid = {EE7E54C5-318B-4CD8-A541-D048CAD02968}
	EndGlobalSection
EndGlobal
